
Microsoft Visual Studio Solution File, Format Version 12.00
# Visual Studio Version 17
VisualStudioVersion = 17.0.31903.59
MinimumVisualStudioVersion = 10.0.40219.1
Project("{2150E333-8FDC-42A3-9474-1A3956D46DE8}") = "src", "src", "{A3F880C8-BD3B-413B-AEB4-691C0D70C796}"
EndProject
Project("{FAE04EC0-301F-11D3-BF4B-00C04F79EFBC}") = "API", "src\API\API.csproj", "{9DDD54C8-0455-4478-A74F-938813563219}"
EndProject
Project("{FAE04EC0-301F-11D3-BF4B-00C04F79EFBC}") = "Domain", "src\Core\Domain\Domain.csproj", "{240E045E-2F5F-490B-B1AA-4757C407D642}"
EndProject
Project("{FAE04EC0-301F-11D3-BF4B-00C04F79EFBC}") = "Infrastructure", "src\Infrastructure\Infrastructure.csproj", "{3220FFEB-3BA4-441B-9236-1CCFF5B38A0F}"
EndProject
Project("{FAE04EC0-301F-11D3-BF4B-00C04F79EFBC}") = "Application", "src\Core\Application\Application.csproj", "{5ADA08AB-AC88-44CF-BAE8-6C8A34264730}"
EndProject
Project("{FAE04EC0-301F-11D3-BF4B-00C04F79EFBC}") = "tests", "tests\tests.csproj", "{F7ED2942-BC72-46BA-B0AE-9FB859B08338}"
EndProject
Global
	GlobalSection(SolutionConfigurationPlatforms) = preSolution
		Debug|Any CPU = Debug|Any CPU
		Release|Any CPU = Release|Any CPU
	EndGlobalSection
	GlobalSection(SolutionProperties) = preSolution
		HideSolutionNode = FALSE
	EndGlobalSection
	GlobalSection(ProjectConfigurationPlatforms) = postSolution
		{9DDD54C8-0455-4478-A74F-938813563219}.Debug|Any CPU.ActiveCfg = Debug|Any CPU
		{9DDD54C8-0455-4478-A74F-938813563219}.Debug|Any CPU.Build.0 = Debug|Any CPU
		{9DDD54C8-0455-4478-A74F-938813563219}.Release|Any CPU.ActiveCfg = Release|Any CPU
		{9DDD54C8-0455-4478-A74F-938813563219}.Release|Any CPU.Build.0 = Release|Any CPU
		{240E045E-2F5F-490B-B1AA-4757C407D642}.Debug|Any CPU.ActiveCfg = Debug|Any CPU
		{240E045E-2F5F-490B-B1AA-4757C407D642}.Debug|Any CPU.Build.0 = Debug|Any CPU
		{240E045E-2F5F-490B-B1AA-4757C407D642}.Release|Any CPU.ActiveCfg = Release|Any CPU
		{240E045E-2F5F-490B-B1AA-4757C407D642}.Release|Any CPU.Build.0 = Release|Any CPU
		{3220FFEB-3BA4-441B-9236-1CCFF5B38A0F}.Debug|Any CPU.ActiveCfg = Debug|Any CPU
		{3220FFEB-3BA4-441B-9236-1CCFF5B38A0F}.Debug|Any CPU.Build.0 = Debug|Any CPU
		{3220FFEB-3BA4-441B-9236-1CCFF5B38A0F}.Release|Any CPU.ActiveCfg = Release|Any CPU
		{3220FFEB-3BA4-441B-9236-1CCFF5B38A0F}.Release|Any CPU.Build.0 = Release|Any CPU
		{5ADA08AB-AC88-44CF-BAE8-6C8A34264730}.Debug|Any CPU.ActiveCfg = Debug|Any CPU
		{5ADA08AB-AC88-44CF-BAE8-6C8A34264730}.Debug|Any CPU.Build.0 = Debug|Any CPU
		{5ADA08AB-AC88-44CF-BAE8-6C8A34264730}.Release|Any CPU.ActiveCfg = Release|Any CPU
		{5ADA08AB-AC88-44CF-BAE8-6C8A34264730}.Release|Any CPU.Build.0 = Release|Any CPU
		{F7ED2942-BC72-46BA-B0AE-9FB859B08338}.Debug|Any CPU.ActiveCfg = Debug|Any CPU
		{F7ED2942-BC72-46BA-B0AE-9FB859B08338}.Debug|Any CPU.Build.0 = Debug|Any CPU
		{F7ED2942-BC72-46BA-B0AE-9FB859B08338}.Release|Any CPU.ActiveCfg = Release|Any CPU
		{F7ED2942-BC72-46BA-B0AE-9FB859B08338}.Release|Any CPU.Build.0 = Release|Any CPU
	EndGlobalSection
	GlobalSection(NestedProjects) = preSolution
		{9DDD54C8-0455-4478-A74F-938813563219} = {A3F880C8-BD3B-413B-AEB4-691C0D70C796}
		{240E045E-2F5F-490B-B1AA-4757C407D642} = {A3F880C8-BD3B-413B-AEB4-691C0D70C796}
		{3220FFEB-3BA4-441B-9236-1CCFF5B38A0F} = {A3F880C8-BD3B-413B-AEB4-691C0D70C796}
		{5ADA08AB-AC88-44CF-BAE8-6C8A34264730} = {A3F880C8-BD3B-413B-AEB4-691C0D70C796}
	EndGlobalSection
EndGlobal
